
Microsoft Visual Studio Solution File, Format Version 12.00
# Visual Studio Version 16
VisualStudioVersion = 16.0.30804.86
MinimumVisualStudioVersion = 10.0.40219.1
Project("{8BC9CEB8-8B4A-11D0-8D11-00A0C91BC942}") = "01_BLIT", "01_BLIT\01_BLIT.vcxproj", "{5381B1AC-29CA-4BB0-979D-DF6DDAC0FF44}"
EndProject
Project("{8BC9CEB8-8B4A-11D0-8D11-00A0C91BC942}") = "02_Lines", "02_Lines\02_Lines.vcxproj", "{C6C23D1C-03BC-4CBB-AA7A-680C932D325B}"
EndProject
Project("{8BC9CEB8-8B4A-11D0-8D11-00A0C91BC942}") = "03_Triangle", "03_Triangle\03_Triangle.vcxproj", "{739CFEBA-EB96-42E9-9D7F-645A3464371C}"
EndProject
Project("{8BC9CEB8-8B4A-11D0-8D11-00A0C91BC942}") = "04_Cube", "04_Cube\04_Cube.vcxproj", "{15308FE4-AC24-4230-B726-B6A4C7C798D0}"
EndProject
Project("{8BC9CEB8-8B4A-11D0-8D11-00A0C91BC942}") = "05_TexturedCube", "05_TexturedCube\05_TexturedCube.vcxproj", "{47AB8B51-156F-4BA1-B94D-89159CE09B8B}"
EndProject
Project("{8BC9CEB8-8B4A-11D0-8D11-00A0C91BC942}") = "Common", "Common\Common.vcxproj", "{57911653-51EE-48A6-A100-552B5104AFAF}"
EndProject
Project("{8BC9CEB8-8B4A-11D0-8D11-00A0C91BC942}") = "06_Lighting", "06_Lighting\06_Lighting.vcxproj", "{8424B4A2-67A7-402F-B036-515C452357F2}"
EndProject
Global
	GlobalSection(SolutionConfigurationPlatforms) = preSolution
		Debug|x64 = Debug|x64
		Debug|x86 = Debug|x86
		Release|x64 = Release|x64
		Release|x86 = Release|x86
	EndGlobalSection
	GlobalSection(ProjectConfigurationPlatforms) = postSolution
		{5381B1AC-29CA-4BB0-979D-DF6DDAC0FF44}.Debug|x64.ActiveCfg = Debug|x64
		{5381B1AC-29CA-4BB0-979D-DF6DDAC0FF44}.Debug|x64.Build.0 = Debug|x64
		{5381B1AC-29CA-4BB0-979D-DF6DDAC0FF44}.Debug|x86.ActiveCfg = Debug|Win32
		{5381B1AC-29CA-4BB0-979D-DF6DDAC0FF44}.Debug|x86.Build.0 = Debug|Win32
		{5381B1AC-29CA-4BB0-979D-DF6DDAC0FF44}.Release|x64.ActiveCfg = Release|x64
		{5381B1AC-29CA-4BB0-979D-DF6DDAC0FF44}.Release|x64.Build.0 = Release|x64
		{5381B1AC-29CA-4BB0-979D-DF6DDAC0FF44}.Release|x86.ActiveCfg = Release|Win32
		{5381B1AC-29CA-4BB0-979D-DF6DDAC0FF44}.Release|x86.Build.0 = Release|Win32
		{C6C23D1C-03BC-4CBB-AA7A-680C932D325B}.Debug|x64.ActiveCfg = Debug|x64
		{C6C23D1C-03BC-4CBB-AA7A-680C932D325B}.Debug|x64.Build.0 = Debug|x64
		{C6C23D1C-03BC-4CBB-AA7A-680C932D325B}.Debug|x86.ActiveCfg = Debug|Win32
		{C6C23D1C-03BC-4CBB-AA7A-680C932D325B}.Debug|x86.Build.0 = Debug|Win32
		{C6C23D1C-03BC-4CBB-AA7A-680C932D325B}.Release|x64.ActiveCfg = Release|x64
		{C6C23D1C-03BC-4CBB-AA7A-680C932D325B}.Release|x64.Build.0 = Release|x64
		{C6C23D1C-03BC-4CBB-AA7A-680C932D325B}.Release|x86.ActiveCfg = Release|Win32
		{C6C23D1C-03BC-4CBB-AA7A-680C932D325B}.Release|x86.Build.0 = Release|Win32
		{739CFEBA-EB96-42E9-9D7F-645A3464371C}.Debug|x64.ActiveCfg = Debug|x64
		{739CFEBA-EB96-42E9-9D7F-645A3464371C}.Debug|x64.Build.0 = Debug|x64
		{739CFEBA-EB96-42E9-9D7F-645A3464371C}.Debug|x86.ActiveCfg = Debug|Win32
		{739CFEBA-EB96-42E9-9D7F-645A3464371C}.Debug|x86.Build.0 = Debug|Win32
		{739CFEBA-EB96-42E9-9D7F-645A3464371C}.Release|x64.ActiveCfg = Release|x64
		{739CFEBA-EB96-42E9-9D7F-645A3464371C}.Release|x64.Build.0 = Release|x64
		{739CFEBA-EB96-42E9-9D7F-645A3464371C}.Release|x86.ActiveCfg = Release|Win32
		{739CFEBA-EB96-42E9-9D7F-645A3464371C}.Release|x86.Build.0 = Release|Win32
		{15308FE4-AC24-4230-B726-B6A4C7C798D0}.Debug|x64.ActiveCfg = Debug|x64
		{15308FE4-AC24-4230-B726-B6A4C7C798D0}.Debug|x64.Build.0 = Debug|x64
		{15308FE4-AC24-4230-B726-B6A4C7C798D0}.Debug|x86.ActiveCfg = Debug|Win32
		{15308FE4-AC24-4230-B726-B6A4C7C798D0}.Debug|x86.Build.0 = Debug|Win32
		{15308FE4-AC24-4230-B726-B6A4C7C798D0}.Release|x64.ActiveCfg = Release|x64
		{15308FE4-AC24-4230-B726-B6A4C7C798D0}.Release|x64.Build.0 = Release|x64
		{15308FE4-AC24-4230-B726-B6A4C7C798D0}.Release|x86.ActiveCfg = Release|Win32
		{15308FE4-AC24-4230-B726-B6A4C7C798D0}.Release|x86.Build.0 = Release|Win32
		{47AB8B51-156F-4BA1-B94D-89159CE09B8B}.Debug|x64.ActiveCfg = Debug|x64
		{47AB8B51-156F-4BA1-B94D-89159CE09B8B}.Debug|x64.Build.0 = Debug|x64
		{47AB8B51-156F-4BA1-B94D-89159CE09B8B}.Debug|x86.ActiveCfg = Debug|Win32
		{47AB8B51-156F-4BA1-B94D-89159CE09B8B}.Debug|x86.Build.0 = Debug|Win32
		{47AB8B51-156F-4BA1-B94D-89159CE09B8B}.Release|x64.ActiveCfg = Release|x64
		{47AB8B51-156F-4BA1-B94D-89159CE09B8B}.Release|x64.Build.0 = Release|x64
		{47AB8B51-156F-4BA1-B94D-89159CE09B8B}.Release|x86.ActiveCfg = Release|Win32
		{47AB8B51-156F-4BA1-B94D-89159CE09B8B}.Release|x86.Build.0 = Release|Win32
		{57911653-51EE-48A6-A100-552B5104AFAF}.Debug|x64.ActiveCfg = Debug|x64
		{57911653-51EE-48A6-A100-552B5104AFAF}.Debug|x64.Build.0 = Debug|x64
		{57911653-51EE-48A6-A100-552B5104AFAF}.Debug|x86.ActiveCfg = Debug|Win32
		{57911653-51EE-48A6-A100-552B5104AFAF}.Debug|x86.Build.0 = Debug|Win32
		{57911653-51EE-48A6-A100-552B5104AFAF}.Release|x64.ActiveCfg = Release|x64
		{57911653-51EE-48A6-A100-552B5104AFAF}.Release|x64.Build.0 = Release|x64
		{57911653-51EE-48A6-A100-552B5104AFAF}.Release|x86.ActiveCfg = Release|Win32
		{57911653-51EE-48A6-A100-552B5104AFAF}.Release|x86.Build.0 = Release|Win32
		{8424B4A2-67A7-402F-B036-515C452357F2}.Debug|x64.ActiveCfg = Debug|x64
		{8424B4A2-67A7-402F-B036-515C452357F2}.Debug|x64.Build.0 = Debug|x64
		{8424B4A2-67A7-402F-B036-515C452357F2}.Debug|x86.ActiveCfg = Debug|Win32
		{8424B4A2-67A7-402F-B036-515C452357F2}.Debug|x86.Build.0 = Debug|Win32
		{8424B4A2-67A7-402F-B036-515C452357F2}.Release|x64.ActiveCfg = Release|x64
		{8424B4A2-67A7-402F-B036-515C452357F2}.Release|x64.Build.0 = Release|x64
		{8424B4A2-67A7-402F-B036-515C452357F2}.Release|x86.ActiveCfg = Release|Win32
		{8424B4A2-67A7-402F-B036-515C452357F2}.Release|x86.Build.0 = Release|Win32
	EndGlobalSection
	GlobalSection(SolutionProperties) = preSolution
		HideSolutionNode = FALSE
	EndGlobalSection
	GlobalSection(ExtensibilityGlobals) = postSolution
		SolutionGuid = {F9AB7F9A-1741-4AB7-96FF-5AAB041DFF7C}
	EndGlobalSection
EndGlobal
